
Microsoft Visual Studio Solution File, Format Version 12.00
# Visual Studio Version 16
VisualStudioVersion = 16.0.30225.117
MinimumVisualStudioVersion = 10.0.40219.1
Project("{FAE04EC0-301F-11D3-BF4B-00C04F79EFBC}") = "TwitchBotQueue", "TwitchBotQueue\TwitchBotQueue.csproj", "{2FA7558C-4B94-4017-B2B9-0A37229CEE5F}"
EndProject
Global
	GlobalSection(SolutionConfigurationPlatforms) = preSolution
		Debug|Any CPU = Debug|Any CPU
		Release|Any CPU = Release|Any CPU
	EndGlobalSection
	GlobalSection(ProjectConfigurationPlatforms) = postSolution
		{2FA7558C-4B94-4017-B2B9-0A37229CEE5F}.Debug|Any CPU.ActiveCfg = Debug|Any CPU
		{2FA7558C-4B94-4017-B2B9-0A37229CEE5F}.Debug|Any CPU.Build.0 = Debug|Any CPU
		{2FA7558C-4B94-4017-B2B9-0A37229CEE5F}.Release|Any CPU.ActiveCfg = Release|Any CPU
		{2FA7558C-4B94-4017-B2B9-0A37229CEE5F}.Release|Any CPU.Build.0 = Release|Any CPU
	EndGlobalSection
	GlobalSection(SolutionProperties) = preSolution
		HideSolutionNode = FALSE
	EndGlobalSection
	GlobalSection(ExtensibilityGlobals) = postSolution
		SolutionGuid = {F38C35DF-7C23-4F0A-95DF-F9BD75C4563A}
	EndGlobalSection
EndGlobal
